github.com/someonegg/gox v1.0.0 h1:ZARsXCCs8OUU03gy81DX3BnMSeWPkL9WCdqE2vDnt5U=
github.com/someonegg/gox v1.0.0/go.mod h1:pngAcWxBFnyYM4oY+h9Rgv0WaikLkSfY5dBYuabUnBE=
github.com/someonegg/gox v1.0.2 h1:TXiFzNfqUnZIvjeto7DFy+lrRooYpebuCSKnfvgVnT0=
github.com/someonegg/gox v1.0.2/go.mod h1:pngAcWxBFnyYM4oY+h9Rgv0WaikLkSfY5dBYuabUnBE=
